
Microsoft Visual Studio Solution File, Format Version 12.00
# Visual Studio Version 17
VisualStudioVersion = 17.0.31903.59
MinimumVisualStudioVersion = 10.0.40219.1
Project("{2150E333-8FDC-42A3-9474-1A3956D46DE8}") = "src", "src", "{47A978D3-C859-43BA-877C-9EABEDE9DEDD}"
EndProject
Project("{FAE04EC0-301F-11D3-BF4B-00C04F79EFBC}") = "MeetingRecorder.Core", "src\MeetingRecorder.Core\MeetingRecorder.Core.csproj", "{18D864A4-E1C0-40DB-8870-1C128C9DCD60}"
EndProject
Project("{FAE04EC0-301F-11D3-BF4B-00C04F79EFBC}") = "AppPlatform.Abstractions", "src\AppPlatform.Abstractions\AppPlatform.Abstractions.csproj", "{B38CE445-DFD4-4B6D-9A1C-3D13B3AB9F87}"
EndProject
Project("{FAE04EC0-301F-11D3-BF4B-00C04F79EFBC}") = "AppPlatform.Configuration", "src\AppPlatform.Configuration\AppPlatform.Configuration.csproj", "{298D1A7D-3279-414C-8EBF-2D1B3CD621AA}"
EndProject
Project("{FAE04EC0-301F-11D3-BF4B-00C04F79EFBC}") = "AppPlatform.Deployment", "src\AppPlatform.Deployment\AppPlatform.Deployment.csproj", "{E84C9877-D301-46F5-97F8-A26B0C3D67E2}"
EndProject
Project("{FAE04EC0-301F-11D3-BF4B-00C04F79EFBC}") = "AppPlatform.Deployment.Cli", "src\AppPlatform.Deployment.Cli\AppPlatform.Deployment.Cli.csproj", "{0E2CE7D4-397E-4A49-BD5A-61C72C883D88}"
EndProject
Project("{FAE04EC0-301F-11D3-BF4B-00C04F79EFBC}") = "AppPlatform.Shell.Wpf", "src\AppPlatform.Shell.Wpf\AppPlatform.Shell.Wpf.csproj", "{9E77EF59-8340-44E3-9315-C3146AA42C18}"
EndProject
Project("{FAE04EC0-301F-11D3-BF4B-00C04F79EFBC}") = "MeetingRecorder.App", "src\MeetingRecorder.App\MeetingRecorder.App.csproj", "{0EDCA524-50EA-4EA6-AD31-4F7B31F57933}"
EndProject
Project("{FAE04EC0-301F-11D3-BF4B-00C04F79EFBC}") = "MeetingRecorder.ProcessingWorker", "src\MeetingRecorder.ProcessingWorker\MeetingRecorder.ProcessingWorker.csproj", "{9876975D-9142-45C0-AFA5-47CE638A5E8C}"
EndProject
Project("{FAE04EC0-301F-11D3-BF4B-00C04F79EFBC}") = "MeetingRecorder.Installer", "src\MeetingRecorder.Installer\MeetingRecorder.Installer.csproj", "{6B9A84F6-5585-4D0A-A6FD-8AC2A03C2C6E}"
EndProject
Project("{930C7802-8A8C-48F9-8165-68863BCCD9DD}") = "MeetingRecorder.Setup", "src\MeetingRecorder.Setup\MeetingRecorder.Setup.wixproj", "{D8DBF923-6089-47CF-BF6A-2054C3B8C65D}"
EndProject
Project("{2150E333-8FDC-42A3-9474-1A3956D46DE8}") = "tests", "tests", "{A371656C-45D4-42BE-8234-48C118D295EC}"
EndProject
Project("{FAE04EC0-301F-11D3-BF4B-00C04F79EFBC}") = "MeetingRecorder.Core.Tests", "tests\MeetingRecorder.Core.Tests\MeetingRecorder.Core.Tests.csproj", "{13DFE695-C14B-499E-8248-7D20781FA253}"
EndProject
Project("{FAE04EC0-301F-11D3-BF4B-00C04F79EFBC}") = "MeetingRecorder.IntegrationTests", "tests\MeetingRecorder.IntegrationTests\MeetingRecorder.IntegrationTests.csproj", "{D79C0904-89BD-4222-AA52-DDDAC17D8348}"
EndProject
Project("{FAE04EC0-301F-11D3-BF4B-00C04F79EFBC}") = "MeetingRecorder.Product", "src\MeetingRecorder.Product\MeetingRecorder.Product.csproj", "{CA19DDEB-E570-4453-98D8-DFB2388CD63C}"
EndProject
Project("{FAE04EC0-301F-11D3-BF4B-00C04F79EFBC}") = "AppPlatform.Deployment.WpfHost", "src\AppPlatform.Deployment.WpfHost\AppPlatform.Deployment.WpfHost.csproj", "{143A1EEA-B7A7-438C-A090-723330183DBB}"
EndProject
Project("{FAE04EC0-301F-11D3-BF4B-00C04F79EFBC}") = "AppPlatform.Deployment.Wix", "src\AppPlatform.Deployment.Wix\AppPlatform.Deployment.Wix.csproj", "{569D49BD-FE52-451F-9A99-3D16E4F09DF2}"
EndProject
Project("{FAE04EC0-301F-11D3-BF4B-00C04F79EFBC}") = "AppPlatform.Tests", "tests\AppPlatform.Tests\AppPlatform.Tests.csproj", "{2FE743A4-5009-49B9-A6E9-52E840F82618}"
EndProject
Global
	GlobalSection(SolutionConfigurationPlatforms) = preSolution
		Debug|Any CPU = Debug|Any CPU
		Release|Any CPU = Release|Any CPU
	EndGlobalSection
	GlobalSection(SolutionProperties) = preSolution
		HideSolutionNode = FALSE
	EndGlobalSection
	GlobalSection(ProjectConfigurationPlatforms) = postSolution
		{18D864A4-E1C0-40DB-8870-1C128C9DCD60}.Debug|Any CPU.ActiveCfg = Debug|Any CPU
		{18D864A4-E1C0-40DB-8870-1C128C9DCD60}.Debug|Any CPU.Build.0 = Debug|Any CPU
		{18D864A4-E1C0-40DB-8870-1C128C9DCD60}.Release|Any CPU.ActiveCfg = Release|Any CPU
		{18D864A4-E1C0-40DB-8870-1C128C9DCD60}.Release|Any CPU.Build.0 = Release|Any CPU
		{B38CE445-DFD4-4B6D-9A1C-3D13B3AB9F87}.Debug|Any CPU.ActiveCfg = Debug|Any CPU
		{B38CE445-DFD4-4B6D-9A1C-3D13B3AB9F87}.Debug|Any CPU.Build.0 = Debug|Any CPU
		{B38CE445-DFD4-4B6D-9A1C-3D13B3AB9F87}.Release|Any CPU.ActiveCfg = Release|Any CPU
		{B38CE445-DFD4-4B6D-9A1C-3D13B3AB9F87}.Release|Any CPU.Build.0 = Release|Any CPU
		{298D1A7D-3279-414C-8EBF-2D1B3CD621AA}.Debug|Any CPU.ActiveCfg = Debug|Any CPU
		{298D1A7D-3279-414C-8EBF-2D1B3CD621AA}.Debug|Any CPU.Build.0 = Debug|Any CPU
		{298D1A7D-3279-414C-8EBF-2D1B3CD621AA}.Release|Any CPU.ActiveCfg = Release|Any CPU
		{298D1A7D-3279-414C-8EBF-2D1B3CD621AA}.Release|Any CPU.Build.0 = Release|Any CPU
		{E84C9877-D301-46F5-97F8-A26B0C3D67E2}.Debug|Any CPU.ActiveCfg = Debug|Any CPU
		{E84C9877-D301-46F5-97F8-A26B0C3D67E2}.Debug|Any CPU.Build.0 = Debug|Any CPU
		{E84C9877-D301-46F5-97F8-A26B0C3D67E2}.Release|Any CPU.ActiveCfg = Release|Any CPU
		{E84C9877-D301-46F5-97F8-A26B0C3D67E2}.Release|Any CPU.Build.0 = Release|Any CPU
		{0E2CE7D4-397E-4A49-BD5A-61C72C883D88}.Debug|Any CPU.ActiveCfg = Debug|Any CPU
		{0E2CE7D4-397E-4A49-BD5A-61C72C883D88}.Debug|Any CPU.Build.0 = Debug|Any CPU
		{0E2CE7D4-397E-4A49-BD5A-61C72C883D88}.Release|Any CPU.ActiveCfg = Release|Any CPU
		{0E2CE7D4-397E-4A49-BD5A-61C72C883D88}.Release|Any CPU.Build.0 = Release|Any CPU
		{9E77EF59-8340-44E3-9315-C3146AA42C18}.Debug|Any CPU.ActiveCfg = Debug|Any CPU
		{9E77EF59-8340-44E3-9315-C3146AA42C18}.Debug|Any CPU.Build.0 = Debug|Any CPU
		{9E77EF59-8340-44E3-9315-C3146AA42C18}.Release|Any CPU.ActiveCfg = Release|Any CPU
		{9E77EF59-8340-44E3-9315-C3146AA42C18}.Release|Any CPU.Build.0 = Release|Any CPU
		{0EDCA524-50EA-4EA6-AD31-4F7B31F57933}.Debug|Any CPU.ActiveCfg = Debug|Any CPU
		{0EDCA524-50EA-4EA6-AD31-4F7B31F57933}.Debug|Any CPU.Build.0 = Debug|Any CPU
		{0EDCA524-50EA-4EA6-AD31-4F7B31F57933}.Release|Any CPU.ActiveCfg = Release|Any CPU
		{0EDCA524-50EA-4EA6-AD31-4F7B31F57933}.Release|Any CPU.Build.0 = Release|Any CPU
		{9876975D-9142-45C0-AFA5-47CE638A5E8C}.Debug|Any CPU.ActiveCfg = Debug|Any CPU
		{9876975D-9142-45C0-AFA5-47CE638A5E8C}.Debug|Any CPU.Build.0 = Debug|Any CPU
		{9876975D-9142-45C0-AFA5-47CE638A5E8C}.Release|Any CPU.ActiveCfg = Release|Any CPU
		{9876975D-9142-45C0-AFA5-47CE638A5E8C}.Release|Any CPU.Build.0 = Release|Any CPU
		{6B9A84F6-5585-4D0A-A6FD-8AC2A03C2C6E}.Debug|Any CPU.ActiveCfg = Debug|Any CPU
		{6B9A84F6-5585-4D0A-A6FD-8AC2A03C2C6E}.Debug|Any CPU.Build.0 = Debug|Any CPU
		{6B9A84F6-5585-4D0A-A6FD-8AC2A03C2C6E}.Release|Any CPU.ActiveCfg = Release|Any CPU
		{6B9A84F6-5585-4D0A-A6FD-8AC2A03C2C6E}.Release|Any CPU.Build.0 = Release|Any CPU
		{D8DBF923-6089-47CF-BF6A-2054C3B8C65D}.Debug|Any CPU.ActiveCfg = Debug|x64
		{D8DBF923-6089-47CF-BF6A-2054C3B8C65D}.Debug|Any CPU.Build.0 = Debug|x64
		{D8DBF923-6089-47CF-BF6A-2054C3B8C65D}.Release|Any CPU.ActiveCfg = Release|x64
		{D8DBF923-6089-47CF-BF6A-2054C3B8C65D}.Release|Any CPU.Build.0 = Release|x64
		{13DFE695-C14B-499E-8248-7D20781FA253}.Debug|Any CPU.ActiveCfg = Debug|Any CPU
		{13DFE695-C14B-499E-8248-7D20781FA253}.Debug|Any CPU.Build.0 = Debug|Any CPU
		{13DFE695-C14B-499E-8248-7D20781FA253}.Release|Any CPU.ActiveCfg = Release|Any CPU
		{13DFE695-C14B-499E-8248-7D20781FA253}.Release|Any CPU.Build.0 = Release|Any CPU
		{D79C0904-89BD-4222-AA52-DDDAC17D8348}.Debug|Any CPU.ActiveCfg = Debug|Any CPU
		{D79C0904-89BD-4222-AA52-DDDAC17D8348}.Debug|Any CPU.Build.0 = Debug|Any CPU
		{D79C0904-89BD-4222-AA52-DDDAC17D8348}.Release|Any CPU.ActiveCfg = Release|Any CPU
		{D79C0904-89BD-4222-AA52-DDDAC17D8348}.Release|Any CPU.Build.0 = Release|Any CPU
		{CA19DDEB-E570-4453-98D8-DFB2388CD63C}.Debug|Any CPU.ActiveCfg = Debug|Any CPU
		{CA19DDEB-E570-4453-98D8-DFB2388CD63C}.Debug|Any CPU.Build.0 = Debug|Any CPU
		{CA19DDEB-E570-4453-98D8-DFB2388CD63C}.Release|Any CPU.ActiveCfg = Release|Any CPU
		{CA19DDEB-E570-4453-98D8-DFB2388CD63C}.Release|Any CPU.Build.0 = Release|Any CPU
		{143A1EEA-B7A7-438C-A090-723330183DBB}.Debug|Any CPU.ActiveCfg = Debug|Any CPU
		{143A1EEA-B7A7-438C-A090-723330183DBB}.Debug|Any CPU.Build.0 = Debug|Any CPU
		{143A1EEA-B7A7-438C-A090-723330183DBB}.Release|Any CPU.ActiveCfg = Release|Any CPU
		{143A1EEA-B7A7-438C-A090-723330183DBB}.Release|Any CPU.Build.0 = Release|Any CPU
		{569D49BD-FE52-451F-9A99-3D16E4F09DF2}.Debug|Any CPU.ActiveCfg = Debug|Any CPU
		{569D49BD-FE52-451F-9A99-3D16E4F09DF2}.Debug|Any CPU.Build.0 = Debug|Any CPU
		{569D49BD-FE52-451F-9A99-3D16E4F09DF2}.Release|Any CPU.ActiveCfg = Release|Any CPU
		{569D49BD-FE52-451F-9A99-3D16E4F09DF2}.Release|Any CPU.Build.0 = Release|Any CPU
		{2FE743A4-5009-49B9-A6E9-52E840F82618}.Debug|Any CPU.ActiveCfg = Debug|Any CPU
		{2FE743A4-5009-49B9-A6E9-52E840F82618}.Debug|Any CPU.Build.0 = Debug|Any CPU
		{2FE743A4-5009-49B9-A6E9-52E840F82618}.Release|Any CPU.ActiveCfg = Release|Any CPU
		{2FE743A4-5009-49B9-A6E9-52E840F82618}.Release|Any CPU.Build.0 = Release|Any CPU
	EndGlobalSection
	GlobalSection(NestedProjects) = preSolution
		{18D864A4-E1C0-40DB-8870-1C128C9DCD60} = {47A978D3-C859-43BA-877C-9EABEDE9DEDD}
		{B38CE445-DFD4-4B6D-9A1C-3D13B3AB9F87} = {47A978D3-C859-43BA-877C-9EABEDE9DEDD}
		{298D1A7D-3279-414C-8EBF-2D1B3CD621AA} = {47A978D3-C859-43BA-877C-9EABEDE9DEDD}
		{E84C9877-D301-46F5-97F8-A26B0C3D67E2} = {47A978D3-C859-43BA-877C-9EABEDE9DEDD}
		{0E2CE7D4-397E-4A49-BD5A-61C72C883D88} = {47A978D3-C859-43BA-877C-9EABEDE9DEDD}
		{9E77EF59-8340-44E3-9315-C3146AA42C18} = {47A978D3-C859-43BA-877C-9EABEDE9DEDD}
		{0EDCA524-50EA-4EA6-AD31-4F7B31F57933} = {47A978D3-C859-43BA-877C-9EABEDE9DEDD}
		{9876975D-9142-45C0-AFA5-47CE638A5E8C} = {47A978D3-C859-43BA-877C-9EABEDE9DEDD}
		{6B9A84F6-5585-4D0A-A6FD-8AC2A03C2C6E} = {47A978D3-C859-43BA-877C-9EABEDE9DEDD}
		{D8DBF923-6089-47CF-BF6A-2054C3B8C65D} = {47A978D3-C859-43BA-877C-9EABEDE9DEDD}
		{13DFE695-C14B-499E-8248-7D20781FA253} = {A371656C-45D4-42BE-8234-48C118D295EC}
		{D79C0904-89BD-4222-AA52-DDDAC17D8348} = {A371656C-45D4-42BE-8234-48C118D295EC}
		{CA19DDEB-E570-4453-98D8-DFB2388CD63C} = {47A978D3-C859-43BA-877C-9EABEDE9DEDD}
		{143A1EEA-B7A7-438C-A090-723330183DBB} = {47A978D3-C859-43BA-877C-9EABEDE9DEDD}
		{569D49BD-FE52-451F-9A99-3D16E4F09DF2} = {47A978D3-C859-43BA-877C-9EABEDE9DEDD}
		{2FE743A4-5009-49B9-A6E9-52E840F82618} = {A371656C-45D4-42BE-8234-48C118D295EC}
	EndGlobalSection
EndGlobal
